// !$*UTF8*$!
{
	archiveVersion = 1;
	classes = {
	};
	objectVersion = 48;
	objects = {

/* Begin PBXBuildFile section */
		1434CB0020B49B5F0084E12A /* AppDelegate.swift in Sources */ = {isa = PBXBuildFile; fileRef = 1434CAFF20B49B5F0084E12A /* AppDelegate.swift */; };
		1434CB0220B49B5F0084E12A /* MainVC.swift in Sources */ = {isa = PBXBuildFile; fileRef = 1434CB0120B49B5F0084E12A /* MainVC.swift */; };
		1434CB0520B49B5F0084E12A /* Main.storyboard in Resources */ = {isa = PBXBuildFile; fileRef = 1434CB0320B49B5F0084E12A /* Main.storyboard */; };
		1434CB0820B49B5F0084E12A /* DreamLister.xcdatamodeld in Sources */ = {isa = PBXBuildFile; fileRef = 1434CB0620B49B5F0084E12A /* DreamLister.xcdatamodeld */; };
		1434CB0A20B49B5F0084E12A /* Assets.xcassets in Resources */ = {isa = PBXBuildFile; fileRef = 1434CB0920B49B5F0084E12A /* Assets.xcassets */; };
		1434CB0D20B49B5F0084E12A /* LaunchScreen.storyboard in Resources */ = {isa = PBXBuildFile; fileRef = 1434CB0B20B49B5F0084E12A /* LaunchScreen.storyboard */; };
		1434CB3E20B4A6240084E12A /* ItemValue+CoreDataClass.swift in Sources */ = {isa = PBXBuildFile; fileRef = 1434CB3620B4A6240084E12A /* ItemValue+CoreDataClass.swift */; };
		1434CB3F20B4A6240084E12A /* ItemValue+CoreDataProperties.swift in Sources */ = {isa = PBXBuildFile; fileRef = 1434CB3720B4A6240084E12A /* ItemValue+CoreDataProperties.swift */; };
		1434CB4020B4A6240084E12A /* ItemTypeValue+CoreDataClass.swift in Sources */ = {isa = PBXBuildFile; fileRef = 1434CB3820B4A6240084E12A /* ItemTypeValue+CoreDataClass.swift */; };
		1434CB4120B4A6240084E12A /* ItemTypeValue+CoreDataProperties.swift in Sources */ = {isa = PBXBuildFile; fileRef = 1434CB3920B4A6240084E12A /* ItemTypeValue+CoreDataProperties.swift */; };
		1434CB4220B4A6240084E12A /* StoreValue+CoreDataClass.swift in Sources */ = {isa = PBXBuildFile; fileRef = 1434CB3A20B4A6240084E12A /* StoreValue+CoreDataClass.swift */; };
		1434CB4320B4A6240084E12A /* StoreValue+CoreDataProperties.swift in Sources */ = {isa = PBXBuildFile; fileRef = 1434CB3B20B4A6240084E12A /* StoreValue+CoreDataProperties.swift */; };
		1434CB4420B4A6240084E12A /* ImageValue+CoreDataClass.swift in Sources */ = {isa = PBXBuildFile; fileRef = 1434CB3C20B4A6240084E12A /* ImageValue+CoreDataClass.swift */; };
		1434CB4520B4A6240084E12A /* ImageValue+CoreDataProperties.swift in Sources */ = {isa = PBXBuildFile; fileRef = 1434CB3D20B4A6240084E12A /* ImageValue+CoreDataProperties.swift */; };
		14B4559A20B8654000173A71 /* tesla.png in Resources */ = {isa = PBXBuildFile; fileRef = 14B4559920B8653F00173A71 /* tesla.png */; };
		14B4559D20B865B700173A71 /* MaterialView.swift in Sources */ = {isa = PBXBuildFile; fileRef = 14B4559C20B865B700173A71 /* MaterialView.swift */; };
		14B4559F20B867FC00173A71 /* ItemCell.swift in Sources */ = {isa = PBXBuildFile; fileRef = 14B4559E20B867FC00173A71 /* ItemCell.swift */; };
		14B455A220B886D100173A71 /* ItemDetailsVC.swift in Sources */ = {isa = PBXBuildFile; fileRef = 14B455A120B886D100173A71 /* ItemDetailsVC.swift */; };
		14B455A420B88B3C00173A71 /* CustomTextField.swift in Sources */ = {isa = PBXBuildFile; fileRef = 14B455A320B88B3C00173A71 /* CustomTextField.swift */; };
/* End PBXBuildFile section */

/* Begin PBXFileReference section */
		1434CAFC20B49B5F0084E12A /* DreamLister.app */ = {isa = PBXFileReference; explicitFileType = wrapper.application; includeInIndex = 0; path = DreamLister.app; sourceTree = BUILT_PRODUCTS_DIR; };
		1434CAFF20B49B5F0084E12A /* AppDelegate.swift */ = {isa = PBXFileReference; lastKnownFileType = sourcecode.swift; path = AppDelegate.swift; sourceTree = "<group>"; };
		1434CB0120B49B5F0084E12A /* MainVC.swift */ = {isa = PBXFileReference; lastKnownFileType = sourcecode.swift; path = MainVC.swift; sourceTree = "<group>"; };
		1434CB0420B49B5F0084E12A /* Base */ = {isa = PBXFileReference; lastKnownFileType = file.storyboard; name = Base; path = Base.lproj/Main.storyboard; sourceTree = "<group>"; };
		1434CB0720B49B5F0084E12A /* DreamLister.xcdatamodel */ = {isa = PBXFileReference; lastKnownFileType = wrapper.xcdatamodel; path = DreamLister.xcdatamodel; sourceTree = "<group>"; };
		1434CB0920B49B5F0084E12A /* Assets.xcassets */ = {isa = PBXFileReference; lastKnownFileType = folder.assetcatalog; path = Assets.xcassets; sourceTree = "<group>"; };
		1434CB0C20B49B5F0084E12A /* Base */ = {isa = PBXFileReference; lastKnownFileType = file.storyboard; name = Base; path = Base.lproj/LaunchScreen.storyboard; sourceTree = "<group>"; };
		1434CB0E20B49B5F0084E12A /* Info.plist */ = {isa = PBXFileReference; lastKnownFileType = text.plist.xml; path = Info.plist; sourceTree = "<group>"; };
		1434CB3620B4A6240084E12A /* ItemValue+CoreDataClass.swift */ = {isa = PBXFileReference; lastKnownFileType = sourcecode.swift; path = "ItemValue+CoreDataClass.swift"; sourceTree = "<group>"; };
		1434CB3720B4A6240084E12A /* ItemValue+CoreDataProperties.swift */ = {isa = PBXFileReference; lastKnownFileType = sourcecode.swift; path = "ItemValue+CoreDataProperties.swift"; sourceTree = "<group>"; };
		1434CB3820B4A6240084E12A /* ItemTypeValue+CoreDataClass.swift */ = {isa = PBXFileReference; lastKnownFileType = sourcecode.swift; path = "ItemTypeValue+CoreDataClass.swift"; sourceTree = "<group>"; };
		1434CB3920B4A6240084E12A /* ItemTypeValue+CoreDataProperties.swift */ = {isa = PBXFileReference; lastKnownFileType = sourcecode.swift; path = "ItemTypeValue+CoreDataProperties.swift"; sourceTree = "<group>"; };
		1434CB3A20B4A6240084E12A /* StoreValue+CoreDataClass.swift */ = {isa = PBXFileReference; lastKnownFileType = sourcecode.swift; path = "StoreValue+CoreDataClass.swift"; sourceTree = "<group>"; };
		1434CB3B20B4A6240084E12A /* StoreValue+CoreDataProperties.swift */ = {isa = PBXFileReference; lastKnownFileType = sourcecode.swift; path = "StoreValue+CoreDataProperties.swift"; sourceTree = "<group>"; };
		1434CB3C20B4A6240084E12A /* ImageValue+CoreDataClass.swift */ = {isa = PBXFileReference; lastKnownFileType = sourcecode.swift; path = "ImageValue+CoreDataClass.swift"; sourceTree = "<group>"; };
		1434CB3D20B4A6240084E12A /* ImageValue+CoreDataProperties.swift */ = {isa = PBXFileReference; lastKnownFileType = sourcecode.swift; path = "ImageValue+CoreDataProperties.swift"; sourceTree = "<group>"; };
		14B4559920B8653F00173A71 /* tesla.png */ = {isa = PBXFileReference; lastKnownFileType = image.png; path = tesla.png; sourceTree = "<group>"; };
		14B4559C20B865B700173A71 /* MaterialView.swift */ = {isa = PBXFileReference; lastKnownFileType = sourcecode.swift; path = MaterialView.swift; sourceTree = "<group>"; };
		14B4559E20B867FC00173A71 /* ItemCell.swift */ = {isa = PBXFileReference; lastKnownFileType = sourcecode.swift; path = ItemCell.swift; sourceTree = "<group>"; };
		14B455A120B886D100173A71 /* ItemDetailsVC.swift */ = {isa = PBXFileReference; lastKnownFileType = sourcecode.swift; path = ItemDetailsVC.swift; sourceTree = "<group>"; };
		14B455A320B88B3C00173A71 /* CustomTextField.swift */ = {isa = PBXFileReference; fileEncoding = 4; lastKnownFileType = sourcecode.swift; path = CustomTextField.swift; sourceTree = "<group>"; };
/* End PBXFileReference section */

/* Begin PBXFrameworksBuildPhase section */
		1434CAF920B49B5F0084E12A /* Frameworks */ = {
			isa = PBXFrameworksBuildPhase;
			buildActionMask = 2147483647;
			files = (
			);
			runOnlyForDeploymentPostprocessing = 0;
		};
/* End PBXFrameworksBuildPhase section */

/* Begin PBXGroup section */
		1434CAF320B49B5F0084E12A = {
			isa = PBXGroup;
			children = (
				1434CAFE20B49B5F0084E12A /* DreamLister */,
				1434CAFD20B49B5F0084E12A /* Products */,
			);
			sourceTree = "<group>";
		};
		1434CAFD20B49B5F0084E12A /* Products */ = {
			isa = PBXGroup;
			children = (
				1434CAFC20B49B5F0084E12A /* DreamLister.app */,
			);
			name = Products;
			sourceTree = "<group>";
		};
		1434CAFE20B49B5F0084E12A /* DreamLister */ = {
			isa = PBXGroup;
			children = (
				14B455A020B8869100173A71 /* Controller */,
				14B4559B20B8658100173A71 /* View */,
				1434CB2520B4A3020084E12A /* Generated */,
				1434CB2420B4A2BB0084E12A /* Model */,
				1434CAFF20B49B5F0084E12A /* AppDelegate.swift */,
				14B4559920B8653F00173A71 /* tesla.png */,
				1434CB0320B49B5F0084E12A /* Main.storyboard */,
				1434CB0920B49B5F0084E12A /* Assets.xcassets */,
				1434CB0B20B49B5F0084E12A /* LaunchScreen.storyboard */,
				1434CB0E20B49B5F0084E12A /* Info.plist */,
				1434CB0620B49B5F0084E12A /* DreamLister.xcdatamodeld */,
			);
			path = DreamLister;
			sourceTree = "<group>";
		};
		1434CB2420B4A2BB0084E12A /* Model */ = {
			isa = PBXGroup;
			children = (
				1434CB3620B4A6240084E12A /* ItemValue+CoreDataClass.swift */,
				1434CB3820B4A6240084E12A /* ItemTypeValue+CoreDataClass.swift */,
				1434CB3A20B4A6240084E12A /* StoreValue+CoreDataClass.swift */,
				1434CB3C20B4A6240084E12A /* ImageValue+CoreDataClass.swift */,
			);
			path = Model;
			sourceTree = "<group>";
		};
		1434CB2520B4A3020084E12A /* Generated */ = {
			isa = PBXGroup;
			children = (
				1434CB3720B4A6240084E12A /* ItemValue+CoreDataProperties.swift */,
				1434CB3920B4A6240084E12A /* ItemTypeValue+CoreDataProperties.swift */,
				1434CB3B20B4A6240084E12A /* StoreValue+CoreDataProperties.swift */,
				1434CB3D20B4A6240084E12A /* ImageValue+CoreDataProperties.swift */,
			);
			path = Generated;
			sourceTree = "<group>";
		};
		14B4559B20B8658100173A71 /* View */ = {
			isa = PBXGroup;
			children = (
				14B4559C20B865B700173A71 /* MaterialView.swift */,
				14B4559E20B867FC00173A71 /* ItemCell.swift */,
				14B455A320B88B3C00173A71 /* CustomTextField.swift */,
			);
			path = View;
			sourceTree = "<group>";
		};
		14B455A020B8869100173A71 /* Controller */ = {
			isa = PBXGroup;
			children = (
				1434CB0120B49B5F0084E12A /* MainVC.swift */,
				14B455A120B886D100173A71 /* ItemDetailsVC.swift */,
			);
			path = Controller;
			sourceTree = "<group>";
		};
/* End PBXGroup section */

/* Begin PBXNativeTarget section */
		1434CAFB20B49B5F0084E12A /* DreamLister */ = {
			isa = PBXNativeTarget;
			buildConfigurationList = 1434CB1120B49B5F0084E12A /* Build configuration list for PBXNativeTarget "DreamLister" */;
			buildPhases = (
				1434CAF820B49B5F0084E12A /* Sources */,
				1434CAF920B49B5F0084E12A /* Frameworks */,
				1434CAFA20B49B5F0084E12A /* Resources */,
			);
			buildRules = (
			);
			dependencies = (
			);
			name = DreamLister;
			productName = DreamLister;
			productReference = 1434CAFC20B49B5F0084E12A /* DreamLister.app */;
			productType = "com.apple.product-type.application";
		};
/* End PBXNativeTarget section */

/* Begin PBXProject section */
		1434CAF420B49B5F0084E12A /* Project object */ = {
			isa = PBXProject;
			attributes = {
				LastSwiftUpdateCheck = 0910;
				LastUpgradeCheck = 0910;
				ORGANIZATIONNAME = "Anshu Vij";
				TargetAttributes = {
					1434CAFB20B49B5F0084E12A = {
						CreatedOnToolsVersion = 9.1;
						ProvisioningStyle = Automatic;
					};
				};
			};
			buildConfigurationList = 1434CAF720B49B5F0084E12A /* Build configuration list for PBXProject "DreamLister" */;
			compatibilityVersion = "Xcode 8.0";
			developmentRegion = en;
			hasScannedForEncodings = 0;
			knownRegions = (
				en,
				Base,
			);
			mainGroup = 1434CAF320B49B5F0084E12A;
			productRefGroup = 1434CAFD20B49B5F0084E12A /* Products */;
			projectDirPath = "";
			projectRoot = "";
			targets = (
				1434CAFB20B49B5F0084E12A /* DreamLister */,
			);
		};
/* End PBXProject section */

/* Begin PBXResourcesBuildPhase section */
		1434CAFA20B49B5F0084E12A /* Resources */ = {
			isa = PBXResourcesBuildPhase;
			buildActionMask = 2147483647;
			files = (
				1434CB0D20B49B5F0084E12A /* LaunchScreen.storyboard in Resources */,
				14B4559A20B8654000173A71 /* tesla.png in Resources */,
				1434CB0A20B49B5F0084E12A /* Assets.xcassets in Resources */,
				1434CB0520B49B5F0084E12A /* Main.storyboard in Resources */,
			);
			runOnlyForDeploymentPostprocessing = 0;
		};
/* End PBXResourcesBuildPhase section */

/* Begin PBXSourcesBuildPhase section */
		1434CAF820B49B5F0084E12A /* Sources */ = {
			isa = PBXSourcesBuildPhase;
			buildActionMask = 2147483647;
			files = (
				14B4559F20B867FC00173A71 /* ItemCell.swift in Sources */,
				1434CB3F20B4A6240084E12A /* ItemValue+CoreDataProperties.swift in Sources */,
				1434CB3E20B4A6240084E12A /* ItemValue+CoreDataClass.swift in Sources */,
				1434CB4320B4A6240084E12A /* StoreValue+CoreDataProperties.swift in Sources */,
				14B4559D20B865B700173A71 /* MaterialView.swift in Sources */,
				1434CB0220B49B5F0084E12A /* MainVC.swift in Sources */,
				1434CB4520B4A6240084E12A /* ImageValue+CoreDataProperties.swift in Sources */,
				1434CB0020B49B5F0084E12A /* AppDelegate.swift in Sources */,
				14B455A220B886D100173A71 /* ItemDetailsVC.swift in Sources */,
				1434CB4020B4A6240084E12A /* ItemTypeValue+CoreDataClass.swift in Sources */,
				1434CB4120B4A6240084E12A /* ItemTypeValue+CoreDataProperties.swift in Sources */,
				1434CB4420B4A6240084E12A /* ImageValue+CoreDataClass.swift in Sources */,
				1434CB0820B49B5F0084E12A /* DreamLister.xcdatamodeld in Sources */,
				1434CB4220B4A6240084E12A /* StoreValue+CoreDataClass.swift in Sources */,
				14B455A420B88B3C00173A71 /* CustomTextField.swift in Sources */,
			);
			runOnlyForDeploymentPostprocessing = 0;
		};
/* End PBXSourcesBuildPhase section */

/* Begin PBXVariantGroup section */
		1434CB0320B49B5F0084E12A /* Main.storyboard */ = {
			isa = PBXVariantGroup;
			children = (
				1434CB0420B49B5F0084E12A /* Base */,
			);
			name = Main.storyboard;
			sourceTree = "<group>";
		};
		1434CB0B20B49B5F0084E12A /* LaunchScreen.storyboard */ = {
			isa = PBXVariantGroup;
			children = (
				1434CB0C20B49B5F0084E12A /* Base */,
			);
			name = LaunchScreen.storyboard;
			sourceTree = "<group>";
		};
/* End PBXVariantGroup section */

/* Begin XCBuildConfiguration section */
		1434CB0F20B49B5F0084E12A /* Debug */ = {
			isa = XCBuildConfiguration;
			buildSettings = {
				ALWAYS_SEARCH_USER_PATHS = NO;
				CLANG_ANALYZER_NONNULL = YES;
				CLANG_ANALYZER_NUMBER_OBJECT_CONVERSION = YES_AGGRESSIVE;
				CLANG_CXX_LANGUAGE_STANDARD = "gnu++14";
				CLANG_CXX_LIBRARY = "libc++";
				CLANG_ENABLE_MODULES = YES;
				CLANG_ENABLE_OBJC_ARC = YES;
				CLANG_WARN_BLOCK_CAPTURE_AUTORELEASING = YES;
				CLANG_WARN_BOOL_CONVERSION = YES;
				CLANG_WARN_COMMA = YES;
				CLANG_WARN_CONSTANT_CONVERSION = YES;
				CLANG_WARN_DIRECT_OBJC_ISA_USAGE = YES_ERROR;
				CLANG_WARN_DOCUMENTATION_COMMENTS = YES;
				CLANG_WARN_EMPTY_BODY = YES;
				CLANG_WARN_ENUM_CONVERSION = YES;
				CLANG_WARN_INFINITE_RECURSION = YES;
				CLANG_WARN_INT_CONVERSION = YES;
				CLANG_WARN_NON_LITERAL_NULL_CONVERSION = YES;
				CLANG_WARN_OBJC_LITERAL_CONVERSION = YES;
				CLANG_WARN_OBJC_ROOT_CLASS = YES_ERROR;
				CLANG_WARN_RANGE_LOOP_ANALYSIS = YES;
				CLANG_WARN_STRICT_PROTOTYPES = YES;
				CLANG_WARN_SUSPICIOUS_MOVE = YES;
				CLANG_WARN_UNGUARDED_AVAILABILITY = YES_AGGRESSIVE;
				CLANG_WARN_UNREACHABLE_CODE = YES;
				CLANG_WARN__DUPLICATE_METHOD_MATCH = YES;
				CODE_SIGN_IDENTITY = "iPhone Developer";
				COPY_PHASE_STRIP = NO;
				DEBUG_INFORMATION_FORMAT = dwarf;
				ENABLE_STRICT_OBJC_MSGSEND = YES;
				ENABLE_TESTABILITY = YES;
				GCC_C_LANGUAGE_STANDARD = gnu11;
				GCC_DYNAMIC_NO_PIC = NO;
				GCC_NO_COMMON_BLOCKS = YES;
				GCC_OPTIMIZATION_LEVEL = 0;
				GCC_PREPROCESSOR_DEFINITIONS = (
					"DEBUG=1",
					"$(inherited)",
				);
				GCC_WARN_64_TO_32_BIT_CONVERSION = YES;
				GCC_WARN_ABOUT_RETURN_TYPE = YES_ERROR;
				GCC_WARN_UNDECLARED_SELECTOR = YES;
				GCC_WARN_UNINITIALIZED_AUTOS = YES_AGGRESSIVE;
				GCC_WARN_UNUSED_FUNCTION = YES;
				GCC_WARN_UNUSED_VARIABLE = YES;
				IPHONEOS_DEPLOYMENT_TARGET = 11.1;
				MTL_ENABLE_DEBUG_INFO = YES;
				ONLY_ACTIVE_ARCH = YES;
				SDKROOT = iphoneos;
				SWIFT_ACTIVE_COMPILATION_CONDITIONS = DEBUG;
				SWIFT_OPTIMIZATION_LEVEL = "-Onone";
			};
			name = Debug;
		};
		1434CB1020B49B5F0084E12A /* Release */ = {
			isa = XCBuildConfiguration;
			buildSettings = {
				ALWAYS_SEARCH_USER_PATHS = NO;
				CLANG_ANALYZER_NONNULL = YES;
				CLANG_ANALYZER_NUMBER_OBJECT_CONVERSION = YES_AGGRESSIVE;
				CLANG_CXX_LANGUAGE_STANDARD = "gnu++14";
				CLANG_CXX_LIBRARY = "libc++";
				CLANG_ENABLE_MODULES = YES;
				CLANG_ENABLE_OBJC_ARC = YES;
				CLANG_WARN_BLOCK_CAPTURE_AUTORELEASING = YES;
				CLANG_WARN_BOOL_CONVERSION = YES;
				CLANG_WARN_COMMA = YES;
				CLANG_WARN_CONSTANT_CONVERSION = YES;
				CLANG_WARN_DIRECT_OBJC_ISA_USAGE = YES_ERROR;
				CLANG_WARN_DOCUMENTATION_COMMENTS = YES;
				CLANG_WARN_EMPTY_BODY = YES;
				CLANG_WARN_ENUM_CONVERSION = YES;
				CLANG_WARN_INFINITE_RECURSION = YES;
				CLANG_WARN_INT_CONVERSION = YES;
				CLANG_WARN_NON_LITERAL_NULL_CONVERSION = YES;
				CLANG_WARN_OBJC_LITERAL_CONVERSION = YES;
				CLANG_WARN_OBJC_ROOT_CLASS = YES_ERROR;
				CLANG_WARN_RANGE_LOOP_ANALYSIS = YES;
				CLANG_WARN_STRICT_PROTOTYPES = YES;
				CLANG_WARN_SUSPICIOUS_MOVE = YES;
				CLANG_WARN_UNGUARDED_AVAILABILITY = YES_AGGRESSIVE;
				CLANG_WARN_UNREACHABLE_CODE = YES;
				CLANG_WARN__DUPLICATE_METHOD_MATCH = YES;
				CODE_SIGN_IDENTITY = "iPhone Developer";
				COPY_PHASE_STRIP = NO;
				DEBUG_INFORMATION_FORMAT = "dwarf-with-dsym";
				ENABLE_NS_ASSERTIONS = NO;
				ENABLE_STRICT_OBJC_MSGSEND = YES;
				GCC_C_LANGUAGE_STANDARD = gnu11;
				GCC_NO_COMMON_BLOCKS = YES;
				GCC_WARN_64_TO_32_BIT_CONVERSION = YES;
				GCC_WARN_ABOUT_RETURN_TYPE = YES_ERROR;
				GCC_WARN_UNDECLARED_SELECTOR = YES;
				GCC_WARN_UNINITIALIZED_AUTOS = YES_AGGRESSIVE;
				GCC_WARN_UNUSED_FUNCTION = YES;
				GCC_WARN_UNUSED_VARIABLE = YES;
				IPHONEOS_DEPLOYMENT_TARGET = 11.1;
				MTL_ENABLE_DEBUG_INFO = NO;
				SDKROOT = iphoneos;
				SWIFT_OPTIMIZATION_LEVEL = "-Owholemodule";
				VALIDATE_PRODUCT = YES;
			};
			name = Release;
		};
		1434CB1220B49B5F0084E12A /* Debug */ = {
			isa = XCBuildConfiguration;
			buildSettings = {
				ASSETCATALOG_COMPILER_APPICON_NAME = AppIcon;
				CODE_SIGN_STYLE = Automatic;
				DEVELOPMENT_TEAM = W529JXSCU8;
				INFOPLIST_FILE = DreamLister/Info.plist;
				LD_RUNPATH_SEARCH_PATHS = "$(inherited) @executable_path/Frameworks";
				PRODUCT_BUNDLE_IDENTIFIER = com.avcode.DreamLister;
				PRODUCT_NAME = "$(TARGET_NAME)";
				SWIFT_VERSION = 4.0;
				TARGETED_DEVICE_FAMILY = "1,2";
			};
			name = Debug;
		};
		1434CB1320B49B5F0084E12A /* Release */ = {
			isa = XCBuildConfiguration;
			buildSettings = {
				ASSETCATALOG_COMPILER_APPICON_NAME = AppIcon;
				CODE_SIGN_STYLE = Automatic;
				DEVELOPMENT_TEAM = W529JXSCU8;
				INFOPLIST_FILE = DreamLister/Info.plist;
				LD_RUNPATH_SEARCH_PATHS = "$(inherited) @executable_path/Frameworks";
				PRODUCT_BUNDLE_IDENTIFIER = com.avcode.DreamLister;
				PRODUCT_NAME = "$(TARGET_NAME)";
				SWIFT_VERSION = 4.0;
				TARGETED_DEVICE_FAMILY = "1,2";
			};
			name = Release;
		};
/* End XCBuildConfiguration section */

/* Begin XCConfigurationList section */
		1434CAF720B49B5F0084E12A /* Build configuration list for PBXProject "DreamLister" */ = {
			isa = XCConfigurationList;
			buildConfigurations = (
				1434CB0F20B49B5F0084E12A /* Debug */,
				1434CB1020B49B5F0084E12A /* Release */,
			);
			defaultConfigurationIsVisible = 0;
			defaultConfigurationName = Release;
		};
		1434CB1120B49B5F0084E12A /* Build configuration list for PBXNativeTarget "DreamLister" */ = {
			isa = XCConfigurationList;
			buildConfigurations = (
				1434CB1220B49B5F0084E12A /* Debug */,
				1434CB1320B49B5F0084E12A /* Release */,
			);
			defaultConfigurationIsVisible = 0;
			defaultConfigurationName = Release;
		};
/* End XCConfigurationList section */

/* Begin XCVersionGroup section */
		1434CB0620B49B5F0084E12A /* DreamLister.xcdatamodeld */ = {
			isa = XCVersionGroup;
			children = (
				1434CB0720B49B5F0084E12A /* DreamLister.xcdatamodel */,
			);
			currentVersion = 1434CB0720B49B5F0084E12A /* DreamLister.xcdatamodel */;
			path = DreamLister.xcdatamodeld;
			sourceTree = "<group>";
			versionGroupType = wrapper.xcdatamodel;
		};
/* End XCVersionGroup section */
	};
	rootObject = 1434CAF420B49B5F0084E12A /* Project object */;
}
